
Microsoft Visual Studio Solution File, Format Version 12.00
# Visual Studio 15
VisualStudioVersion = 15.0.28010.2003
MinimumVisualStudioVersion = 10.0.40219.1
Project("{FAE04EC0-301F-11D3-BF4B-00C04F79EFBC}") = "SportsStore.Domain", "SportsStore.Domain\SportsStore.Domain.csproj", "{016F5505-1434-4290-8319-6E3DD2793E2A}"
EndProject
Project("{FAE04EC0-301F-11D3-BF4B-00C04F79EFBC}") = "SportsStore.WebUI", "SportsStore.WebUI\SportsStore.WebUI.csproj", "{72154373-0041-4B24-B776-22F15A416178}"
EndProject
Project("{FAE04EC0-301F-11D3-BF4B-00C04F79EFBC}") = "SportsStore.UnitTests", "SportsStore.UnitTests\SportsStore.UnitTests.csproj", "{78D8A2B0-774E-4EB1-8F3D-A686713B0FE8}"
EndProject
Global
	GlobalSection(SolutionConfigurationPlatforms) = preSolution
		Debug|Any CPU = Debug|Any CPU
		Release|Any CPU = Release|Any CPU
	EndGlobalSection
	GlobalSection(ProjectConfigurationPlatforms) = postSolution
		{016F5505-1434-4290-8319-6E3DD2793E2A}.Debug|Any CPU.ActiveCfg = Debug|Any CPU
		{016F5505-1434-4290-8319-6E3DD2793E2A}.Debug|Any CPU.Build.0 = Debug|Any CPU
		{016F5505-1434-4290-8319-6E3DD2793E2A}.Release|Any CPU.ActiveCfg = Release|Any CPU
		{016F5505-1434-4290-8319-6E3DD2793E2A}.Release|Any CPU.Build.0 = Release|Any CPU
		{72154373-0041-4B24-B776-22F15A416178}.Debug|Any CPU.ActiveCfg = Debug|Any CPU
		{72154373-0041-4B24-B776-22F15A416178}.Debug|Any CPU.Build.0 = Debug|Any CPU
		{72154373-0041-4B24-B776-22F15A416178}.Release|Any CPU.ActiveCfg = Release|Any CPU
		{72154373-0041-4B24-B776-22F15A416178}.Release|Any CPU.Build.0 = Release|Any CPU
		{78D8A2B0-774E-4EB1-8F3D-A686713B0FE8}.Debug|Any CPU.ActiveCfg = Debug|Any CPU
		{78D8A2B0-774E-4EB1-8F3D-A686713B0FE8}.Debug|Any CPU.Build.0 = Debug|Any CPU
		{78D8A2B0-774E-4EB1-8F3D-A686713B0FE8}.Release|Any CPU.ActiveCfg = Release|Any CPU
		{78D8A2B0-774E-4EB1-8F3D-A686713B0FE8}.Release|Any CPU.Build.0 = Release|Any CPU
	EndGlobalSection
	GlobalSection(SolutionProperties) = preSolution
		HideSolutionNode = FALSE
	EndGlobalSection
	GlobalSection(ExtensibilityGlobals) = postSolution
		SolutionGuid = {D707261B-274B-47FA-8177-BA9EC3328162}
	EndGlobalSection
EndGlobal
